
Microsoft Visual Studio Solution File, Format Version 12.00
# Visual Studio Version 16
VisualStudioVersion = 16.0.30320.27
MinimumVisualStudioVersion = 10.0.40219.1
Project("{FAE04EC0-301F-11D3-BF4B-00C04F79EFBC}") = "Lesson7_3_CodeFirst", "Lesson7_3_CodeFirst\Lesson7_3_CodeFirst.csproj", "{5C121553-01CF-445C-9BD6-10BF9AB46EDF}"
EndProject
Global
	GlobalSection(SolutionConfigurationPlatforms) = preSolution
		Debug|Any CPU = Debug|Any CPU
		Release|Any CPU = Release|Any CPU
	EndGlobalSection
	GlobalSection(ProjectConfigurationPlatforms) = postSolution
		{5C121553-01CF-445C-9BD6-10BF9AB46EDF}.Debug|Any CPU.ActiveCfg = Debug|Any CPU
		{5C121553-01CF-445C-9BD6-10BF9AB46EDF}.Debug|Any CPU.Build.0 = Debug|Any CPU
		{5C121553-01CF-445C-9BD6-10BF9AB46EDF}.Release|Any CPU.ActiveCfg = Release|Any CPU
		{5C121553-01CF-445C-9BD6-10BF9AB46EDF}.Release|Any CPU.Build.0 = Release|Any CPU
	EndGlobalSection
	GlobalSection(SolutionProperties) = preSolution
		HideSolutionNode = FALSE
	EndGlobalSection
	GlobalSection(ExtensibilityGlobals) = postSolution
		SolutionGuid = {5EE421E7-E0F5-4696-A65F-785267C87BC3}
	EndGlobalSection
EndGlobal
